
Microsoft Visual Studio Solution File, Format Version 12.00
# Visual Studio Version 16
VisualStudioVersion = 16.0.31424.327
MinimumVisualStudioVersion = 10.0.40219.1
Project("{FAE04EC0-301F-11D3-BF4B-00C04F79EFBC}") = "BaulkCopyServertoSever", "BaulkCopyServertoSever.csproj", "{224BE9B0-C2D9-48D2-A728-DDAA12B1685E}"
EndProject
Global
	GlobalSection(SolutionConfigurationPlatforms) = preSolution
		Debug|Any CPU = Debug|Any CPU
		Release|Any CPU = Release|Any CPU
	EndGlobalSection
	GlobalSection(ProjectConfigurationPlatforms) = postSolution
		{224BE9B0-C2D9-48D2-A728-DDAA12B1685E}.Debug|Any CPU.ActiveCfg = Debug|Any CPU
		{224BE9B0-C2D9-48D2-A728-DDAA12B1685E}.Debug|Any CPU.Build.0 = Debug|Any CPU
		{224BE9B0-C2D9-48D2-A728-DDAA12B1685E}.Release|Any CPU.ActiveCfg = Release|Any CPU
		{224BE9B0-C2D9-48D2-A728-DDAA12B1685E}.Release|Any CPU.Build.0 = Release|Any CPU
	EndGlobalSection
	GlobalSection(SolutionProperties) = preSolution
		HideSolutionNode = FALSE
	EndGlobalSection
	GlobalSection(ExtensibilityGlobals) = postSolution
		SolutionGuid = {19A97F0D-4405-4C54-89F3-FF0AC9B7D2C0}
	EndGlobalSection
EndGlobal
